
Microsoft Visual Studio Solution File, Format Version 12.00
# Visual Studio Version 16
VisualStudioVersion = 16.0.29020.237
MinimumVisualStudioVersion = 10.0.40219.1
Project("{FAE04EC0-301F-11D3-BF4B-00C04F79EFBC}") = "WolfReleaser", "WolfReleaser\WolfReleaser.csproj", "{EA6D9911-E7BE-4FF9-A90A-036EB1C9BF99}"
EndProject
Project("{FAE04EC0-301F-11D3-BF4B-00C04F79EFBC}") = "WolfReleaserConsole", "WolfReleaserConsole\WolfReleaserConsole.csproj", "{17BB6C26-02A5-42DB-AB8B-DF756CEC6F5F}"
EndProject
Global
	GlobalSection(SolutionConfigurationPlatforms) = preSolution
		Debug|Any CPU = Debug|Any CPU
		Release|Any CPU = Release|Any CPU
	EndGlobalSection
	GlobalSection(ProjectConfigurationPlatforms) = postSolution
		{EA6D9911-E7BE-4FF9-A90A-036EB1C9BF99}.Debug|Any CPU.ActiveCfg = Debug|Any CPU
		{EA6D9911-E7BE-4FF9-A90A-036EB1C9BF99}.Debug|Any CPU.Build.0 = Debug|Any CPU
		{EA6D9911-E7BE-4FF9-A90A-036EB1C9BF99}.Release|Any CPU.ActiveCfg = Release|Any CPU
		{EA6D9911-E7BE-4FF9-A90A-036EB1C9BF99}.Release|Any CPU.Build.0 = Release|Any CPU
		{17BB6C26-02A5-42DB-AB8B-DF756CEC6F5F}.Debug|Any CPU.ActiveCfg = Debug|Any CPU
		{17BB6C26-02A5-42DB-AB8B-DF756CEC6F5F}.Debug|Any CPU.Build.0 = Debug|Any CPU
		{17BB6C26-02A5-42DB-AB8B-DF756CEC6F5F}.Release|Any CPU.ActiveCfg = Release|Any CPU
		{17BB6C26-02A5-42DB-AB8B-DF756CEC6F5F}.Release|Any CPU.Build.0 = Release|Any CPU
	EndGlobalSection
	GlobalSection(SolutionProperties) = preSolution
		HideSolutionNode = FALSE
	EndGlobalSection
	GlobalSection(ExtensibilityGlobals) = postSolution
		SolutionGuid = {100B3497-006C-427F-887E-2909FAAFFB47}
	EndGlobalSection
EndGlobal
